// !$*UTF8*$!
{
	archiveVersion = 1;
	classes = {
	};
	objectVersion = 48;
	objects = {

/* Begin PBXBuildFile section */
		C351F9111F99E481007FD8DF /* AppDelegate.m in Sources */ = {isa = PBXBuildFile; fileRef = C351F9101F99E481007FD8DF /* AppDelegate.m */; };
		C351F9141F99E481007FD8DF /* ViewController.m in Sources */ = {isa = PBXBuildFile; fileRef = C351F9131F99E481007FD8DF /* ViewController.m */; };
		C351F9171F99E481007FD8DF /* Main.storyboard in Resources */ = {isa = PBXBuildFile; fileRef = C351F9151F99E481007FD8DF /* Main.storyboard */; };
		C351F9191F99E481007FD8DF /* Assets.xcassets in Resources */ = {isa = PBXBuildFile; fileRef = C351F9181F99E481007FD8DF /* Assets.xcassets */; };
		C351F91C1F99E481007FD8DF /* LaunchScreen.storyboard in Resources */ = {isa = PBXBuildFile; fileRef = C351F91A1F99E481007FD8DF /* LaunchScreen.storyboard */; };
		C351F91F1F99E481007FD8DF /* main.m in Sources */ = {isa = PBXBuildFile; fileRef = C351F91E1F99E481007FD8DF /* main.m */; };
/* End PBXBuildFile section */

/* Begin PBXFileReference section */
		C351F90C1F99E481007FD8DF /* InstagramAPIApp.app */ = {isa = PBXFileReference; explicitFileType = wrapper.application; includeInIndex = 0; path = InstagramAPIApp.app; sourceTree = BUILT_PRODUCTS_DIR; };
		C351F90F1F99E481007FD8DF /* AppDelegate.h */ = {isa = PBXFileReference; lastKnownFileType = sourcecode.c.h; path = AppDelegate.h; sourceTree = "<group>"; };
		C351F9101F99E481007FD8DF /* AppDelegate.m */ = {isa = PBXFileReference; lastKnownFileType = sourcecode.c.objc; path = AppDelegate.m; sourceTree = "<group>"; };
		C351F9121F99E481007FD8DF /* ViewController.h */ = {isa = PBXFileReference; lastKnownFileType = sourcecode.c.h; path = ViewController.h; sourceTree = "<group>"; };
		C351F9131F99E481007FD8DF /* ViewController.m */ = {isa = PBXFileReference; lastKnownFileType = sourcecode.c.objc; path = ViewController.m; sourceTree = "<group>"; };
		C351F9161F99E481007FD8DF /* Base */ = {isa = PBXFileReference; lastKnownFileType = file.storyboard; name = Base; path = Base.lproj/Main.storyboard; sourceTree = "<group>"; };
		C351F9181F99E481007FD8DF /* Assets.xcassets */ = {isa = PBXFileReference; lastKnownFileType = folder.assetcatalog; path = Assets.xcassets; sourceTree = "<group>"; };
		C351F91B1F99E481007FD8DF /* Base */ = {isa = PBXFileReference; lastKnownFileType = file.storyboard; name = Base; path = Base.lproj/LaunchScreen.storyboard; sourceTree = "<group>"; };
		C351F91D1F99E481007FD8DF /* Info.plist */ = {isa = PBXFileReference; lastKnownFileType = text.plist.xml; path = Info.plist; sourceTree = "<group>"; };
		C351F91E1F99E481007FD8DF /* main.m */ = {isa = PBXFileReference; lastKnownFileType = sourcecode.c.objc; path = main.m; sourceTree = "<group>"; };
/* End PBXFileReference section */

/* Begin PBXFrameworksBuildPhase section */
		C351F9091F99E481007FD8DF /* Frameworks */ = {
			isa = PBXFrameworksBuildPhase;
			buildActionMask = 2147483647;
			files = (
			);
			runOnlyForDeploymentPostprocessing = 0;
		};
/* End PBXFrameworksBuildPhase section */

/* Begin PBXGroup section */
		C351F9031F99E481007FD8DF = {
			isa = PBXGroup;
			children = (
				C351F90E1F99E481007FD8DF /* InstagramAPIApp */,
				C351F90D1F99E481007FD8DF /* Products */,
			);
			sourceTree = "<group>";
		};
		C351F90D1F99E481007FD8DF /* Products */ = {
			isa = PBXGroup;
			children = (
				C351F90C1F99E481007FD8DF /* InstagramAPIApp.app */,
			);
			name = Products;
			sourceTree = "<group>";
		};
		C351F90E1F99E481007FD8DF /* InstagramAPIApp */ = {
			isa = PBXGroup;
			children = (
				C351F90F1F99E481007FD8DF /* AppDelegate.h */,
				C351F9101F99E481007FD8DF /* AppDelegate.m */,
				C351F9121F99E481007FD8DF /* ViewController.h */,
				C351F9131F99E481007FD8DF /* ViewController.m */,
				C351F9151F99E481007FD8DF /* Main.storyboard */,
				C351F9181F99E481007FD8DF /* Assets.xcassets */,
				C351F91A1F99E481007FD8DF /* LaunchScreen.storyboard */,
				C351F91D1F99E481007FD8DF /* Info.plist */,
				C351F91E1F99E481007FD8DF /* main.m */,
			);
			path = InstagramAPIApp;
			sourceTree = "<group>";
		};
/* End PBXGroup section */

/* Begin PBXNativeTarget section */
		C351F90B1F99E481007FD8DF /* InstagramAPIApp */ = {
			isa = PBXNativeTarget;
			buildConfigurationList = C351F9221F99E481007FD8DF /* Build configuration list for PBXNativeTarget "InstagramAPIApp" */;
			buildPhases = (
				C351F9081F99E481007FD8DF /* Sources */,
				C351F9091F99E481007FD8DF /* Frameworks */,
				C351F90A1F99E481007FD8DF /* Resources */,
			);
			buildRules = (
			);
			dependencies = (
			);
			name = InstagramAPIApp;
			productName = InstagramAPIApp;
			productReference = C351F90C1F99E481007FD8DF /* InstagramAPIApp.app */;
			productType = "com.apple.product-type.application";
		};
/* End PBXNativeTarget section */

/* Begin PBXProject section */
		C351F9041F99E481007FD8DF /* Project object */ = {
			isa = PBXProject;
			attributes = {
				LastUpgradeCheck = 0900;
				ORGANIZATIONNAME = "D-Integral";
				TargetAttributes = {
					C351F90B1F99E481007FD8DF = {
						CreatedOnToolsVersion = 9.0;
						ProvisioningStyle = Automatic;
					};
				};
			};
			buildConfigurationList = C351F9071F99E481007FD8DF /* Build configuration list for PBXProject "InstagramAPIApp" */;
			compatibilityVersion = "Xcode 8.0";
			developmentRegion = en;
			hasScannedForEncodings = 0;
			knownRegions = (
				en,
				Base,
			);
			mainGroup = C351F9031F99E481007FD8DF;
			productRefGroup = C351F90D1F99E481007FD8DF /* Products */;
			projectDirPath = "";
			projectRoot = "";
			targets = (
				C351F90B1F99E481007FD8DF /* InstagramAPIApp */,
			);
		};
/* End PBXProject section */

/* Begin PBXResourcesBuildPhase section */
		C351F90A1F99E481007FD8DF /* Resources */ = {
			isa = PBXResourcesBuildPhase;
			buildActionMask = 2147483647;
			files = (
				C351F91C1F99E481007FD8DF /* LaunchScreen.storyboard in Resources */,
				C351F9191F99E481007FD8DF /* Assets.xcassets in Resources */,
				C351F9171F99E481007FD8DF /* Main.storyboard in Resources */,
			);
			runOnlyForDeploymentPostprocessing = 0;
		};
/* End PBXResourcesBuildPhase section */

/* Begin PBXSourcesBuildPhase section */
		C351F9081F99E481007FD8DF /* Sources */ = {
			isa = PBXSourcesBuildPhase;
			buildActionMask = 2147483647;
			files = (
				C351F9141F99E481007FD8DF /* ViewController.m in Sources */,
				C351F91F1F99E481007FD8DF /* main.m in Sources */,
				C351F9111F99E481007FD8DF /* AppDelegate.m in Sources */,
			);
			runOnlyForDeploymentPostprocessing = 0;
		};
/* End PBXSourcesBuildPhase section */

/* Begin PBXVariantGroup section */
		C351F9151F99E481007FD8DF /* Main.storyboard */ = {
			isa = PBXVariantGroup;
			children = (
				C351F9161F99E481007FD8DF /* Base */,
			);
			name = Main.storyboard;
			sourceTree = "<group>";
		};
		C351F91A1F99E481007FD8DF /* LaunchScreen.storyboard */ = {
			isa = PBXVariantGroup;
			children = (
				C351F91B1F99E481007FD8DF /* Base */,
			);
			name = LaunchScreen.storyboard;
			sourceTree = "<group>";
		};
/* End PBXVariantGroup section */

/* Begin XCBuildConfiguration section */
		C351F9201F99E481007FD8DF /* Debug */ = {
			isa = XCBuildConfiguration;
			buildSettings = {
				ALWAYS_SEARCH_USER_PATHS = NO;
				CLANG_ANALYZER_NONNULL = YES;
				CLANG_ANALYZER_NUMBER_OBJECT_CONVERSION = YES_AGGRESSIVE;
				CLANG_CXX_LANGUAGE_STANDARD = "gnu++14";
				CLANG_CXX_LIBRARY = "libc++";
				CLANG_ENABLE_MODULES = YES;
				CLANG_ENABLE_OBJC_ARC = YES;
				CLANG_WARN_BLOCK_CAPTURE_AUTORELEASING = YES;
				CLANG_WARN_BOOL_CONVERSION = YES;
				CLANG_WARN_COMMA = YES;
				CLANG_WARN_CONSTANT_CONVERSION = YES;
				CLANG_WARN_DIRECT_OBJC_ISA_USAGE = YES_ERROR;
				CLANG_WARN_DOCUMENTATION_COMMENTS = YES;
				CLANG_WARN_EMPTY_BODY = YES;
				CLANG_WARN_ENUM_CONVERSION = YES;
				CLANG_WARN_INFINITE_RECURSION = YES;
				CLANG_WARN_INT_CONVERSION = YES;
				CLANG_WARN_NON_LITERAL_NULL_CONVERSION = YES;
				CLANG_WARN_OBJC_LITERAL_CONVERSION = YES;
				CLANG_WARN_OBJC_ROOT_CLASS = YES_ERROR;
				CLANG_WARN_RANGE_LOOP_ANALYSIS = YES;
				CLANG_WARN_STRICT_PROTOTYPES = YES;
				CLANG_WARN_SUSPICIOUS_MOVE = YES;
				CLANG_WARN_UNGUARDED_AVAILABILITY = YES_AGGRESSIVE;
				CLANG_WARN_UNREACHABLE_CODE = YES;
				CLANG_WARN__DUPLICATE_METHOD_MATCH = YES;
				CODE_SIGN_IDENTITY = "iPhone Developer";
				COPY_PHASE_STRIP = NO;
				DEBUG_INFORMATION_FORMAT = dwarf;
				ENABLE_STRICT_OBJC_MSGSEND = YES;
				ENABLE_TESTABILITY = YES;
				GCC_C_LANGUAGE_STANDARD = gnu11;
				GCC_DYNAMIC_NO_PIC = NO;
				GCC_NO_COMMON_BLOCKS = YES;
				GCC_OPTIMIZATION_LEVEL = 0;
				GCC_PREPROCESSOR_DEFINITIONS = (
					"DEBUG=1",
					"$(inherited)",
				);
				GCC_WARN_64_TO_32_BIT_CONVERSION = YES;
				GCC_WARN_ABOUT_RETURN_TYPE = YES_ERROR;
				GCC_WARN_UNDECLARED_SELECTOR = YES;
				GCC_WARN_UNINITIALIZED_AUTOS = YES_AGGRESSIVE;
				GCC_WARN_UNUSED_FUNCTION = YES;
				GCC_WARN_UNUSED_VARIABLE = YES;
				IPHONEOS_DEPLOYMENT_TARGET = 11.0;
				MTL_ENABLE_DEBUG_INFO = YES;
				ONLY_ACTIVE_ARCH = YES;
				SDKROOT = iphoneos;
			};
			name = Debug;
		};
		C351F9211F99E481007FD8DF /* Release */ = {
			isa = XCBuildConfiguration;
			buildSettings = {
				ALWAYS_SEARCH_USER_PATHS = NO;
				CLANG_ANALYZER_NONNULL = YES;
				CLANG_ANALYZER_NUMBER_OBJECT_CONVERSION = YES_AGGRESSIVE;
				CLANG_CXX_LANGUAGE_STANDARD = "gnu++14";
				CLANG_CXX_LIBRARY = "libc++";
				CLANG_ENABLE_MODULES = YES;
				CLANG_ENABLE_OBJC_ARC = YES;
				CLANG_WARN_BLOCK_CAPTURE_AUTORELEASING = YES;
				CLANG_WARN_BOOL_CONVERSION = YES;
				CLANG_WARN_COMMA = YES;
				CLANG_WARN_CONSTANT_CONVERSION = YES;
				CLANG_WARN_DIRECT_OBJC_ISA_USAGE = YES_ERROR;
				CLANG_WARN_DOCUMENTATION_COMMENTS = YES;
				CLANG_WARN_EMPTY_BODY = YES;
				CLANG_WARN_ENUM_CONVERSION = YES;
				CLANG_WARN_INFINITE_RECURSION = YES;
				CLANG_WARN_INT_CONVERSION = YES;
				CLANG_WARN_NON_LITERAL_NULL_CONVERSION = YES;
				CLANG_WARN_OBJC_LITERAL_CONVERSION = YES;
				CLANG_WARN_OBJC_ROOT_CLASS = YES_ERROR;
				CLANG_WARN_RANGE_LOOP_ANALYSIS = YES;
				CLANG_WARN_STRICT_PROTOTYPES = YES;
				CLANG_WARN_SUSPICIOUS_MOVE = YES;
				CLANG_WARN_UNGUARDED_AVAILABILITY = YES_AGGRESSIVE;
				CLANG_WARN_UNREACHABLE_CODE = YES;
				CLANG_WARN__DUPLICATE_METHOD_MATCH = YES;
				CODE_SIGN_IDENTITY = "iPhone Developer";
				COPY_PHASE_STRIP = NO;
				DEBUG_INFORMATION_FORMAT = "dwarf-with-dsym";
				ENABLE_NS_ASSERTIONS = NO;
				ENABLE_STRICT_OBJC_MSGSEND = YES;
				GCC_C_LANGUAGE_STANDARD = gnu11;
				GCC_NO_COMMON_BLOCKS = YES;
				GCC_WARN_64_TO_32_BIT_CONVERSION = YES;
				GCC_WARN_ABOUT_RETURN_TYPE = YES_ERROR;
				GCC_WARN_UNDECLARED_SELECTOR = YES;
				GCC_WARN_UNINITIALIZED_AUTOS = YES_AGGRESSIVE;
				GCC_WARN_UNUSED_FUNCTION = YES;
				GCC_WARN_UNUSED_VARIABLE = YES;
				IPHONEOS_DEPLOYMENT_TARGET = 11.0;
				MTL_ENABLE_DEBUG_INFO = NO;
				SDKROOT = iphoneos;
				VALIDATE_PRODUCT = YES;
			};
			name = Release;
		};
		C351F9231F99E481007FD8DF /* Debug */ = {
			isa = XCBuildConfiguration;
			buildSettings = {
				ASSETCATALOG_COMPILER_APPICON_NAME = AppIcon;
				CODE_SIGN_STYLE = Automatic;
				DEVELOPMENT_TEAM = EYWEP6YJP9;
				INFOPLIST_FILE = InstagramAPIApp/Info.plist;
				LD_RUNPATH_SEARCH_PATHS = "$(inherited) @executable_path/Frameworks";
				PRODUCT_BUNDLE_IDENTIFIER = "com.d-integral.InstagramAPIApp";
				PRODUCT_NAME = "$(TARGET_NAME)";
				TARGETED_DEVICE_FAMILY = "1,2";
			};
			name = Debug;
		};
		C351F9241F99E481007FD8DF /* Release */ = {
			isa = XCBuildConfiguration;
			buildSettings = {
				ASSETCATALOG_COMPILER_APPICON_NAME = AppIcon;
				CODE_SIGN_STYLE = Automatic;
				DEVELOPMENT_TEAM = EYWEP6YJP9;
				INFOPLIST_FILE = InstagramAPIApp/Info.plist;
				LD_RUNPATH_SEARCH_PATHS = "$(inherited) @executable_path/Frameworks";
				PRODUCT_BUNDLE_IDENTIFIER = "com.d-integral.InstagramAPIApp";
				PRODUCT_NAME = "$(TARGET_NAME)";
				TARGETED_DEVICE_FAMILY = "1,2";
			};
			name = Release;
		};
/* End XCBuildConfiguration section */

/* Begin XCConfigurationList section */
		C351F9071F99E481007FD8DF /* Build configuration list for PBXProject "InstagramAPIApp" */ = {
			isa = XCConfigurationList;
			buildConfigurations = (
				C351F9201F99E481007FD8DF /* Debug */,
				C351F9211F99E481007FD8DF /* Release */,
			);
			defaultConfigurationIsVisible = 0;
			defaultConfigurationName = Release;
		};
		C351F9221F99E481007FD8DF /* Build configuration list for PBXNativeTarget "InstagramAPIApp" */ = {
			isa = XCConfigurationList;
			buildConfigurations = (
				C351F9231F99E481007FD8DF /* Debug */,
				C351F9241F99E481007FD8DF /* Release */,
			);
			defaultConfigurationIsVisible = 0;
			defaultConfigurationName = Release;
		};
/* End XCConfigurationList section */
	};
	rootObject = C351F9041F99E481007FD8DF /* Project object */;
}
